
Microsoft Visual Studio Solution File, Format Version 12.00
# Visual Studio Version 17
VisualStudioVersion = 17.10.35013.160
MinimumVisualStudioVersion = 10.0.40219.1
Project("{FAE04EC0-301F-11D3-BF4B-00C04F79EFBC}") = "Milestone 2.1", "Milestone 2.1.csproj", "{2FBB17D2-1A3D-4A09-A47A-A7476A3A1AD7}"
EndProject
Global
	GlobalSection(SolutionConfigurationPlatforms) = preSolution
		Debug|Any CPU = Debug|Any CPU
		Release|Any CPU = Release|Any CPU
	EndGlobalSection
	GlobalSection(ProjectConfigurationPlatforms) = postSolution
		{2FBB17D2-1A3D-4A09-A47A-A7476A3A1AD7}.Debug|Any CPU.ActiveCfg = Debug|Any CPU
		{2FBB17D2-1A3D-4A09-A47A-A7476A3A1AD7}.Debug|Any CPU.Build.0 = Debug|Any CPU
		{2FBB17D2-1A3D-4A09-A47A-A7476A3A1AD7}.Release|Any CPU.ActiveCfg = Release|Any CPU
		{2FBB17D2-1A3D-4A09-A47A-A7476A3A1AD7}.Release|Any CPU.Build.0 = Release|Any CPU
	EndGlobalSection
	GlobalSection(SolutionProperties) = preSolution
		HideSolutionNode = FALSE
	EndGlobalSection
	GlobalSection(ExtensibilityGlobals) = postSolution
		SolutionGuid = {B56E8215-B847-4D3E-B0B4-5D4999C60DED}
	EndGlobalSection
EndGlobal
